
Microsoft Visual Studio Solution File, Format Version 12.00
# Visual Studio Version 17
VisualStudioVersion = 17.13.35931.197
MinimumVisualStudioVersion = 10.0.40219.1
Project("{FAE04EC0-301F-11D3-BF4B-00C04F79EFBC}") = "cyberspace", "cyberspace\cyberspace.csproj", "{1FBA56EE-CA4A-4A40-A060-2140CB1AEDCE}"
EndProject
Global
	GlobalSection(SolutionConfigurationPlatforms) = preSolution
		Debug|Any CPU = Debug|Any CPU
		Release|Any CPU = Release|Any CPU
	EndGlobalSection
	GlobalSection(ProjectConfigurationPlatforms) = postSolution
		{1FBA56EE-CA4A-4A40-A060-2140CB1AEDCE}.Debug|Any CPU.ActiveCfg = Debug|Any CPU
		{1FBA56EE-CA4A-4A40-A060-2140CB1AEDCE}.Debug|Any CPU.Build.0 = Debug|Any CPU
		{1FBA56EE-CA4A-4A40-A060-2140CB1AEDCE}.Release|Any CPU.ActiveCfg = Release|Any CPU
		{1FBA56EE-CA4A-4A40-A060-2140CB1AEDCE}.Release|Any CPU.Build.0 = Release|Any CPU
	EndGlobalSection
	GlobalSection(SolutionProperties) = preSolution
		HideSolutionNode = FALSE
	EndGlobalSection
	GlobalSection(ExtensibilityGlobals) = postSolution
		SolutionGuid = {606BEEF7-2892-4A38-B960-D8A8D65AC084}
	EndGlobalSection
EndGlobal
